// !$*UTF8*$!
{
	archiveVersion = 1;
	classes = {
	};
	objectVersion = 56;
	objects = {

/* Begin PBXBuildFile section */
		3B1448A27C0A486FC3482027 /* Pods_UrlSchemeDemoOC.framework in Frameworks */ = {isa = PBXBuildFile; fileRef = 9A45844CDA7236609DD71E59 /* Pods_UrlSchemeDemoOC.framework */; };
		8D2650782B44402300950D5B /* AppDelegate.m in Sources */ = {isa = PBXBuildFile; fileRef = 8D2650772B44402300950D5B /* AppDelegate.m */; };
		8D26507B2B44402300950D5B /* SceneDelegate.m in Sources */ = {isa = PBXBuildFile; fileRef = 8D26507A2B44402300950D5B /* SceneDelegate.m */; };
		8D26507E2B44402300950D5B /* ViewController.m in Sources */ = {isa = PBXBuildFile; fileRef = 8D26507D2B44402300950D5B /* ViewController.m */; };
		8D2650812B44402300950D5B /* Main.storyboard in Resources */ = {isa = PBXBuildFile; fileRef = 8D26507F2B44402300950D5B /* Main.storyboard */; };
		8D2650832B44402400950D5B /* Assets.xcassets in Resources */ = {isa = PBXBuildFile; fileRef = 8D2650822B44402400950D5B /* Assets.xcassets */; };
		8D2650862B44402400950D5B /* LaunchScreen.storyboard in Resources */ = {isa = PBXBuildFile; fileRef = 8D2650842B44402400950D5B /* LaunchScreen.storyboard */; };
		8D2650892B44402400950D5B /* main.m in Sources */ = {isa = PBXBuildFile; fileRef = 8D2650882B44402400950D5B /* main.m */; };
/* End PBXBuildFile section */

/* Begin PBXFileReference section */
		8D2650732B44402300950D5B /* UrlSchemeDemoOC.app */ = {isa = PBXFileReference; explicitFileType = wrapper.application; includeInIndex = 0; path = UrlSchemeDemoOC.app; sourceTree = BUILT_PRODUCTS_DIR; };
		8D2650762B44402300950D5B /* AppDelegate.h */ = {isa = PBXFileReference; lastKnownFileType = sourcecode.c.h; path = AppDelegate.h; sourceTree = "<group>"; };
		8D2650772B44402300950D5B /* AppDelegate.m */ = {isa = PBXFileReference; lastKnownFileType = sourcecode.c.objc; path = AppDelegate.m; sourceTree = "<group>"; };
		8D2650792B44402300950D5B /* SceneDelegate.h */ = {isa = PBXFileReference; lastKnownFileType = sourcecode.c.h; path = SceneDelegate.h; sourceTree = "<group>"; };
		8D26507A2B44402300950D5B /* SceneDelegate.m */ = {isa = PBXFileReference; lastKnownFileType = sourcecode.c.objc; path = SceneDelegate.m; sourceTree = "<group>"; };
		8D26507C2B44402300950D5B /* ViewController.h */ = {isa = PBXFileReference; lastKnownFileType = sourcecode.c.h; path = ViewController.h; sourceTree = "<group>"; };
		8D26507D2B44402300950D5B /* ViewController.m */ = {isa = PBXFileReference; lastKnownFileType = sourcecode.c.objc; path = ViewController.m; sourceTree = "<group>"; };
		8D2650802B44402300950D5B /* Base */ = {isa = PBXFileReference; lastKnownFileType = file.storyboard; name = Base; path = Base.lproj/Main.storyboard; sourceTree = "<group>"; };
		8D2650822B44402400950D5B /* Assets.xcassets */ = {isa = PBXFileReference; lastKnownFileType = folder.assetcatalog; path = Assets.xcassets; sourceTree = "<group>"; };
		8D2650852B44402400950D5B /* Base */ = {isa = PBXFileReference; lastKnownFileType = file.storyboard; name = Base; path = Base.lproj/LaunchScreen.storyboard; sourceTree = "<group>"; };
		8D2650872B44402400950D5B /* Info.plist */ = {isa = PBXFileReference; lastKnownFileType = text.plist.xml; path = Info.plist; sourceTree = "<group>"; };
		8D2650882B44402400950D5B /* main.m */ = {isa = PBXFileReference; lastKnownFileType = sourcecode.c.objc; path = main.m; sourceTree = "<group>"; };
		99C03C4797FDFAC3406927EC /* Pods-UrlSchemeDemoOC.debug.xcconfig */ = {isa = PBXFileReference; includeInIndex = 1; lastKnownFileType = text.xcconfig; name = "Pods-UrlSchemeDemoOC.debug.xcconfig"; path = "Target Support Files/Pods-UrlSchemeDemoOC/Pods-UrlSchemeDemoOC.debug.xcconfig"; sourceTree = "<group>"; };
		9A45844CDA7236609DD71E59 /* Pods_UrlSchemeDemoOC.framework */ = {isa = PBXFileReference; explicitFileType = wrapper.framework; includeInIndex = 0; path = Pods_UrlSchemeDemoOC.framework; sourceTree = BUILT_PRODUCTS_DIR; };
		B2521C3DC1A5B8C4FC23DFFB /* Pods-UrlSchemeDemoOC.release.xcconfig */ = {isa = PBXFileReference; includeInIndex = 1; lastKnownFileType = text.xcconfig; name = "Pods-UrlSchemeDemoOC.release.xcconfig"; path = "Target Support Files/Pods-UrlSchemeDemoOC/Pods-UrlSchemeDemoOC.release.xcconfig"; sourceTree = "<group>"; };
/* End PBXFileReference section */

/* Begin PBXFrameworksBuildPhase section */
		8D2650702B44402300950D5B /* Frameworks */ = {
			isa = PBXFrameworksBuildPhase;
			buildActionMask = 2147483647;
			files = (
				3B1448A27C0A486FC3482027 /* Pods_UrlSchemeDemoOC.framework in Frameworks */,
			);
			runOnlyForDeploymentPostprocessing = 0;
		};
/* End PBXFrameworksBuildPhase section */

/* Begin PBXGroup section */
		70B91A72C9B16650DAB53E9A /* Pods */ = {
			isa = PBXGroup;
			children = (
				99C03C4797FDFAC3406927EC /* Pods-UrlSchemeDemoOC.debug.xcconfig */,
				B2521C3DC1A5B8C4FC23DFFB /* Pods-UrlSchemeDemoOC.release.xcconfig */,
			);
			path = Pods;
			sourceTree = "<group>";
		};
		8095D534E4CCE3A87F49A220 /* Frameworks */ = {
			isa = PBXGroup;
			children = (
				9A45844CDA7236609DD71E59 /* Pods_UrlSchemeDemoOC.framework */,
			);
			name = Frameworks;
			sourceTree = "<group>";
		};
		8D26506A2B44402300950D5B = {
			isa = PBXGroup;
			children = (
				8D2650752B44402300950D5B /* UrlSchemeDemoOC */,
				8D2650742B44402300950D5B /* Products */,
				70B91A72C9B16650DAB53E9A /* Pods */,
				8095D534E4CCE3A87F49A220 /* Frameworks */,
			);
			sourceTree = "<group>";
		};
		8D2650742B44402300950D5B /* Products */ = {
			isa = PBXGroup;
			children = (
				8D2650732B44402300950D5B /* UrlSchemeDemoOC.app */,
			);
			name = Products;
			sourceTree = "<group>";
		};
		8D2650752B44402300950D5B /* UrlSchemeDemoOC */ = {
			isa = PBXGroup;
			children = (
				8D28796D2B5ED0C800EFA674 /* others */,
				8D26507C2B44402300950D5B /* ViewController.h */,
				8D26507D2B44402300950D5B /* ViewController.m */,
				8D2650872B44402400950D5B /* Info.plist */,
			);
			path = UrlSchemeDemoOC;
			sourceTree = "<group>";
		};
		8D28796D2B5ED0C800EFA674 /* others */ = {
			isa = PBXGroup;
			children = (
				8D2650882B44402400950D5B /* main.m */,
				8D2650822B44402400950D5B /* Assets.xcassets */,
				8D2650842B44402400950D5B /* LaunchScreen.storyboard */,
				8D26507F2B44402300950D5B /* Main.storyboard */,
				8D26507A2B44402300950D5B /* SceneDelegate.m */,
				8D2650792B44402300950D5B /* SceneDelegate.h */,
				8D2650772B44402300950D5B /* AppDelegate.m */,
				8D2650762B44402300950D5B /* AppDelegate.h */,
			);
			path = others;
			sourceTree = "<group>";
		};
/* End PBXGroup section */

/* Begin PBXNativeTarget section */
		8D2650722B44402300950D5B /* UrlSchemeDemoOC */ = {
			isa = PBXNativeTarget;
			buildConfigurationList = 8D26508C2B44402400950D5B /* Build configuration list for PBXNativeTarget "UrlSchemeDemoOC" */;
			buildPhases = (
				8FD605B33B12A5A7EDF13BDE /* [CP] Check Pods Manifest.lock */,
				8D26506F2B44402300950D5B /* Sources */,
				8D2650702B44402300950D5B /* Frameworks */,
				8D2650712B44402300950D5B /* Resources */,
				84F1A88DF32DC2D2E63A7E26 /* [CP] Embed Pods Frameworks */,
			);
			buildRules = (
			);
			dependencies = (
			);
			name = UrlSchemeDemoOC;
			productName = UrlSchemeDemoOC;
			productReference = 8D2650732B44402300950D5B /* UrlSchemeDemoOC.app */;
			productType = "com.apple.product-type.application";
		};
/* End PBXNativeTarget section */

/* Begin PBXProject section */
		8D26506B2B44402300950D5B /* Project object */ = {
			isa = PBXProject;
			attributes = {
				BuildIndependentTargetsInParallel = 1;
				LastUpgradeCheck = 1510;
				TargetAttributes = {
					8D2650722B44402300950D5B = {
						CreatedOnToolsVersion = 15.1;
					};
				};
			};
			buildConfigurationList = 8D26506E2B44402300950D5B /* Build configuration list for PBXProject "UrlSchemeDemoOC" */;
			compatibilityVersion = "Xcode 14.0";
			developmentRegion = en;
			hasScannedForEncodings = 0;
			knownRegions = (
				en,
				Base,
			);
			mainGroup = 8D26506A2B44402300950D5B;
			productRefGroup = 8D2650742B44402300950D5B /* Products */;
			projectDirPath = "";
			projectRoot = "";
			targets = (
				8D2650722B44402300950D5B /* UrlSchemeDemoOC */,
			);
		};
/* End PBXProject section */

/* Begin PBXResourcesBuildPhase section */
		8D2650712B44402300950D5B /* Resources */ = {
			isa = PBXResourcesBuildPhase;
			buildActionMask = 2147483647;
			files = (
				8D2650862B44402400950D5B /* LaunchScreen.storyboard in Resources */,
				8D2650832B44402400950D5B /* Assets.xcassets in Resources */,
				8D2650812B44402300950D5B /* Main.storyboard in Resources */,
			);
			runOnlyForDeploymentPostprocessing = 0;
		};
/* End PBXResourcesBuildPhase section */

/* Begin PBXShellScriptBuildPhase section */
		84F1A88DF32DC2D2E63A7E26 /* [CP] Embed Pods Frameworks */ = {
			isa = PBXShellScriptBuildPhase;
			buildActionMask = 2147483647;
			files = (
			);
			inputFileListPaths = (
				"${PODS_ROOT}/Target Support Files/Pods-UrlSchemeDemoOC/Pods-UrlSchemeDemoOC-frameworks-${CONFIGURATION}-input-files.xcfilelist",
			);
			name = "[CP] Embed Pods Frameworks";
			outputFileListPaths = (
				"${PODS_ROOT}/Target Support Files/Pods-UrlSchemeDemoOC/Pods-UrlSchemeDemoOC-frameworks-${CONFIGURATION}-output-files.xcfilelist",
			);
			runOnlyForDeploymentPostprocessing = 0;
			shellPath = /bin/sh;
			shellScript = "\"${PODS_ROOT}/Target Support Files/Pods-UrlSchemeDemoOC/Pods-UrlSchemeDemoOC-frameworks.sh\"\n";
			showEnvVarsInLog = 0;
		};
		8FD605B33B12A5A7EDF13BDE /* [CP] Check Pods Manifest.lock */ = {
			isa = PBXShellScriptBuildPhase;
			buildActionMask = 2147483647;
			files = (
			);
			inputFileListPaths = (
			);
			inputPaths = (
				"${PODS_PODFILE_DIR_PATH}/Podfile.lock",
				"${PODS_ROOT}/Manifest.lock",
			);
			name = "[CP] Check Pods Manifest.lock";
			outputFileListPaths = (
			);
			outputPaths = (
				"$(DERIVED_FILE_DIR)/Pods-UrlSchemeDemoOC-checkManifestLockResult.txt",
			);
			runOnlyForDeploymentPostprocessing = 0;
			shellPath = /bin/sh;
			shellScript = "diff \"${PODS_PODFILE_DIR_PATH}/Podfile.lock\" \"${PODS_ROOT}/Manifest.lock\" > /dev/null\nif [ $? != 0 ] ; then\n    # print error to STDERR\n    echo \"error: The sandbox is not in sync with the Podfile.lock. Run 'pod install' or update your CocoaPods installation.\" >&2\n    exit 1\nfi\n# This output is used by Xcode 'outputs' to avoid re-running this script phase.\necho \"SUCCESS\" > \"${SCRIPT_OUTPUT_FILE_0}\"\n";
			showEnvVarsInLog = 0;
		};
/* End PBXShellScriptBuildPhase section */

/* Begin PBXSourcesBuildPhase section */
		8D26506F2B44402300950D5B /* Sources */ = {
			isa = PBXSourcesBuildPhase;
			buildActionMask = 2147483647;
			files = (
				8D26507E2B44402300950D5B /* ViewController.m in Sources */,
				8D2650782B44402300950D5B /* AppDelegate.m in Sources */,
				8D2650892B44402400950D5B /* main.m in Sources */,
				8D26507B2B44402300950D5B /* SceneDelegate.m in Sources */,
			);
			runOnlyForDeploymentPostprocessing = 0;
		};
/* End PBXSourcesBuildPhase section */

/* Begin PBXVariantGroup section */
		8D26507F2B44402300950D5B /* Main.storyboard */ = {
			isa = PBXVariantGroup;
			children = (
				8D2650802B44402300950D5B /* Base */,
			);
			name = Main.storyboard;
			sourceTree = "<group>";
		};
		8D2650842B44402400950D5B /* LaunchScreen.storyboard */ = {
			isa = PBXVariantGroup;
			children = (
				8D2650852B44402400950D5B /* Base */,
			);
			name = LaunchScreen.storyboard;
			sourceTree = "<group>";
		};
/* End PBXVariantGroup section */

/* Begin XCBuildConfiguration section */
		8D26508A2B44402400950D5B /* Debug */ = {
			isa = XCBuildConfiguration;
			buildSettings = {
				ALWAYS_SEARCH_USER_PATHS = NO;
				ASSETCATALOG_COMPILER_GENERATE_SWIFT_ASSET_SYMBOL_EXTENSIONS = YES;
				CLANG_ANALYZER_NONNULL = YES;
				CLANG_ANALYZER_NUMBER_OBJECT_CONVERSION = YES_AGGRESSIVE;
				CLANG_CXX_LANGUAGE_STANDARD = "gnu++20";
				CLANG_ENABLE_MODULES = YES;
				CLANG_ENABLE_OBJC_ARC = YES;
				CLANG_ENABLE_OBJC_WEAK = YES;
				CLANG_WARN_BLOCK_CAPTURE_AUTORELEASING = YES;
				CLANG_WARN_BOOL_CONVERSION = YES;
				CLANG_WARN_COMMA = YES;
				CLANG_WARN_CONSTANT_CONVERSION = YES;
				CLANG_WARN_DEPRECATED_OBJC_IMPLEMENTATIONS = YES;
				CLANG_WARN_DIRECT_OBJC_ISA_USAGE = YES_ERROR;
				CLANG_WARN_DOCUMENTATION_COMMENTS = YES;
				CLANG_WARN_EMPTY_BODY = YES;
				CLANG_WARN_ENUM_CONVERSION = YES;
				CLANG_WARN_INFINITE_RECURSION = YES;
				CLANG_WARN_INT_CONVERSION = YES;
				CLANG_WARN_NON_LITERAL_NULL_CONVERSION = YES;
				CLANG_WARN_OBJC_IMPLICIT_RETAIN_SELF = YES;
				CLANG_WARN_OBJC_LITERAL_CONVERSION = YES;
				CLANG_WARN_OBJC_ROOT_CLASS = YES_ERROR;
				CLANG_WARN_QUOTED_INCLUDE_IN_FRAMEWORK_HEADER = YES;
				CLANG_WARN_RANGE_LOOP_ANALYSIS = YES;
				CLANG_WARN_STRICT_PROTOTYPES = YES;
				CLANG_WARN_SUSPICIOUS_MOVE = YES;
				CLANG_WARN_UNGUARDED_AVAILABILITY = YES_AGGRESSIVE;
				CLANG_WARN_UNREACHABLE_CODE = YES;
				CLANG_WARN__DUPLICATE_METHOD_MATCH = YES;
				COPY_PHASE_STRIP = NO;
				DEBUG_INFORMATION_FORMAT = dwarf;
				ENABLE_STRICT_OBJC_MSGSEND = YES;
				ENABLE_TESTABILITY = YES;
				ENABLE_USER_SCRIPT_SANDBOXING = YES;
				GCC_C_LANGUAGE_STANDARD = gnu17;
				GCC_DYNAMIC_NO_PIC = NO;
				GCC_NO_COMMON_BLOCKS = YES;
				GCC_OPTIMIZATION_LEVEL = 0;
				GCC_PREPROCESSOR_DEFINITIONS = (
					"DEBUG=1",
					"$(inherited)",
				);
				GCC_WARN_64_TO_32_BIT_CONVERSION = YES;
				GCC_WARN_ABOUT_RETURN_TYPE = YES_ERROR;
				GCC_WARN_UNDECLARED_SELECTOR = YES;
				GCC_WARN_UNINITIALIZED_AUTOS = YES_AGGRESSIVE;
				GCC_WARN_UNUSED_FUNCTION = YES;
				GCC_WARN_UNUSED_VARIABLE = YES;
				IPHONEOS_DEPLOYMENT_TARGET = 17.2;
				LOCALIZATION_PREFERS_STRING_CATALOGS = YES;
				MTL_ENABLE_DEBUG_INFO = INCLUDE_SOURCE;
				MTL_FAST_MATH = YES;
				ONLY_ACTIVE_ARCH = YES;
				SDKROOT = iphoneos;
			};
			name = Debug;
		};
		8D26508B2B44402400950D5B /* Release */ = {
			isa = XCBuildConfiguration;
			buildSettings = {
				ALWAYS_SEARCH_USER_PATHS = NO;
				ASSETCATALOG_COMPILER_GENERATE_SWIFT_ASSET_SYMBOL_EXTENSIONS = YES;
				CLANG_ANALYZER_NONNULL = YES;
				CLANG_ANALYZER_NUMBER_OBJECT_CONVERSION = YES_AGGRESSIVE;
				CLANG_CXX_LANGUAGE_STANDARD = "gnu++20";
				CLANG_ENABLE_MODULES = YES;
				CLANG_ENABLE_OBJC_ARC = YES;
				CLANG_ENABLE_OBJC_WEAK = YES;
				CLANG_WARN_BLOCK_CAPTURE_AUTORELEASING = YES;
				CLANG_WARN_BOOL_CONVERSION = YES;
				CLANG_WARN_COMMA = YES;
				CLANG_WARN_CONSTANT_CONVERSION = YES;
				CLANG_WARN_DEPRECATED_OBJC_IMPLEMENTATIONS = YES;
				CLANG_WARN_DIRECT_OBJC_ISA_USAGE = YES_ERROR;
				CLANG_WARN_DOCUMENTATION_COMMENTS = YES;
				CLANG_WARN_EMPTY_BODY = YES;
				CLANG_WARN_ENUM_CONVERSION = YES;
				CLANG_WARN_INFINITE_RECURSION = YES;
				CLANG_WARN_INT_CONVERSION = YES;
				CLANG_WARN_NON_LITERAL_NULL_CONVERSION = YES;
				CLANG_WARN_OBJC_IMPLICIT_RETAIN_SELF = YES;
				CLANG_WARN_OBJC_LITERAL_CONVERSION = YES;
				CLANG_WARN_OBJC_ROOT_CLASS = YES_ERROR;
				CLANG_WARN_QUOTED_INCLUDE_IN_FRAMEWORK_HEADER = YES;
				CLANG_WARN_RANGE_LOOP_ANALYSIS = YES;
				CLANG_WARN_STRICT_PROTOTYPES = YES;
				CLANG_WARN_SUSPICIOUS_MOVE = YES;
				CLANG_WARN_UNGUARDED_AVAILABILITY = YES_AGGRESSIVE;
				CLANG_WARN_UNREACHABLE_CODE = YES;
				CLANG_WARN__DUPLICATE_METHOD_MATCH = YES;
				COPY_PHASE_STRIP = NO;
				DEBUG_INFORMATION_FORMAT = "dwarf-with-dsym";
				ENABLE_NS_ASSERTIONS = NO;
				ENABLE_STRICT_OBJC_MSGSEND = YES;
				ENABLE_USER_SCRIPT_SANDBOXING = YES;
				GCC_C_LANGUAGE_STANDARD = gnu17;
				GCC_NO_COMMON_BLOCKS = YES;
				GCC_WARN_64_TO_32_BIT_CONVERSION = YES;
				GCC_WARN_ABOUT_RETURN_TYPE = YES_ERROR;
				GCC_WARN_UNDECLARED_SELECTOR = YES;
				GCC_WARN_UNINITIALIZED_AUTOS = YES_AGGRESSIVE;
				GCC_WARN_UNUSED_FUNCTION = YES;
				GCC_WARN_UNUSED_VARIABLE = YES;
				IPHONEOS_DEPLOYMENT_TARGET = 17.2;
				LOCALIZATION_PREFERS_STRING_CATALOGS = YES;
				MTL_ENABLE_DEBUG_INFO = NO;
				MTL_FAST_MATH = YES;
				SDKROOT = iphoneos;
				VALIDATE_PRODUCT = YES;
			};
			name = Release;
		};
		8D26508D2B44402400950D5B /* Debug */ = {
			isa = XCBuildConfiguration;
			baseConfigurationReference = 99C03C4797FDFAC3406927EC /* Pods-UrlSchemeDemoOC.debug.xcconfig */;
			buildSettings = {
				ASSETCATALOG_COMPILER_APPICON_NAME = AppIcon;
				ASSETCATALOG_COMPILER_GLOBAL_ACCENT_COLOR_NAME = AccentColor;
				CODE_SIGN_IDENTITY = "Apple Development";
				CODE_SIGN_STYLE = Automatic;
				CURRENT_PROJECT_VERSION = 1;
				DEVELOPMENT_TEAM = "";
				ENABLE_USER_SCRIPT_SANDBOXING = NO;
				GENERATE_INFOPLIST_FILE = YES;
				INFOPLIST_FILE = UrlSchemeDemoOC/Info.plist;
				INFOPLIST_KEY_UIApplicationSupportsIndirectInputEvents = YES;
				INFOPLIST_KEY_UILaunchStoryboardName = LaunchScreen;
				INFOPLIST_KEY_UIMainStoryboardFile = Main;
				INFOPLIST_KEY_UISupportedInterfaceOrientations_iPad = "UIInterfaceOrientationPortrait UIInterfaceOrientationPortraitUpsideDown UIInterfaceOrientationLandscapeLeft UIInterfaceOrientationLandscapeRight";
				INFOPLIST_KEY_UISupportedInterfaceOrientations_iPhone = "UIInterfaceOrientationPortrait UIInterfaceOrientationLandscapeLeft UIInterfaceOrientationLandscapeRight";
				LD_RUNPATH_SEARCH_PATHS = (
					"$(inherited)",
					"@executable_path/Frameworks",
				);
				MARKETING_VERSION = 1.0;
				PRODUCT_BUNDLE_IDENTIFIER = com.elee.UrlSchemeDemoOC;
				PRODUCT_NAME = "$(TARGET_NAME)";
				PROVISIONING_PROFILE_SPECIFIER = "";
				SUPPORTED_PLATFORMS = "iphoneos iphonesimulator";
				SUPPORTS_MACCATALYST = NO;
				SUPPORTS_MAC_DESIGNED_FOR_IPHONE_IPAD = NO;
				SUPPORTS_XR_DESIGNED_FOR_IPHONE_IPAD = NO;
				SWIFT_EMIT_LOC_STRINGS = YES;
				TARGETED_DEVICE_FAMILY = 1;
			};
			name = Debug;
		};
		8D26508E2B44402400950D5B /* Release */ = {
			isa = XCBuildConfiguration;
			baseConfigurationReference = B2521C3DC1A5B8C4FC23DFFB /* Pods-UrlSchemeDemoOC.release.xcconfig */;
			buildSettings = {
				ASSETCATALOG_COMPILER_APPICON_NAME = AppIcon;
				ASSETCATALOG_COMPILER_GLOBAL_ACCENT_COLOR_NAME = AccentColor;
				CODE_SIGN_IDENTITY = "Apple Development";
				CODE_SIGN_STYLE = Automatic;
				CURRENT_PROJECT_VERSION = 1;
				DEVELOPMENT_TEAM = "";
				ENABLE_USER_SCRIPT_SANDBOXING = NO;
				GENERATE_INFOPLIST_FILE = YES;
				INFOPLIST_FILE = UrlSchemeDemoOC/Info.plist;
				INFOPLIST_KEY_UIApplicationSupportsIndirectInputEvents = YES;
				INFOPLIST_KEY_UILaunchStoryboardName = LaunchScreen;
				INFOPLIST_KEY_UIMainStoryboardFile = Main;
				INFOPLIST_KEY_UISupportedInterfaceOrientations_iPad = "UIInterfaceOrientationPortrait UIInterfaceOrientationPortraitUpsideDown UIInterfaceOrientationLandscapeLeft UIInterfaceOrientationLandscapeRight";
				INFOPLIST_KEY_UISupportedInterfaceOrientations_iPhone = "UIInterfaceOrientationPortrait UIInterfaceOrientationLandscapeLeft UIInterfaceOrientationLandscapeRight";
				LD_RUNPATH_SEARCH_PATHS = (
					"$(inherited)",
					"@executable_path/Frameworks",
				);
				MARKETING_VERSION = 1.0;
				PRODUCT_BUNDLE_IDENTIFIER = com.elee.UrlSchemeDemoOC;
				PRODUCT_NAME = "$(TARGET_NAME)";
				PROVISIONING_PROFILE_SPECIFIER = "";
				SUPPORTED_PLATFORMS = "iphoneos iphonesimulator";
				SUPPORTS_MACCATALYST = NO;
				SUPPORTS_MAC_DESIGNED_FOR_IPHONE_IPAD = NO;
				SUPPORTS_XR_DESIGNED_FOR_IPHONE_IPAD = NO;
				SWIFT_EMIT_LOC_STRINGS = YES;
				TARGETED_DEVICE_FAMILY = 1;
			};
			name = Release;
		};
/* End XCBuildConfiguration section */

/* Begin XCConfigurationList section */
		8D26506E2B44402300950D5B /* Build configuration list for PBXProject "UrlSchemeDemoOC" */ = {
			isa = XCConfigurationList;
			buildConfigurations = (
				8D26508A2B44402400950D5B /* Debug */,
				8D26508B2B44402400950D5B /* Release */,
			);
			defaultConfigurationIsVisible = 0;
			defaultConfigurationName = Release;
		};
		8D26508C2B44402400950D5B /* Build configuration list for PBXNativeTarget "UrlSchemeDemoOC" */ = {
			isa = XCConfigurationList;
			buildConfigurations = (
				8D26508D2B44402400950D5B /* Debug */,
				8D26508E2B44402400950D5B /* Release */,
			);
			defaultConfigurationIsVisible = 0;
			defaultConfigurationName = Release;
		};
/* End XCConfigurationList section */
	};
	rootObject = 8D26506B2B44402300950D5B /* Project object */;
}
