// !$*UTF8*$!
{
	archiveVersion = 1;
	classes = {
	};
	objectVersion = 56;
	objects = {

/* Begin PBXBuildFile section */
		8D8349D42A9919E900477D3F /* DrawingLine.swift in Sources */ = {isa = PBXBuildFile; fileRef = 8D8349D32A9919E900477D3F /* DrawingLine.swift */; };
		8DEB170A2A8E447A00A4DF1C /* PaintDemoApp.swift in Sources */ = {isa = PBXBuildFile; fileRef = 8DEB17092A8E447A00A4DF1C /* PaintDemoApp.swift */; };
		8DEB170C2A8E447A00A4DF1C /* PencilKitDemo.swift in Sources */ = {isa = PBXBuildFile; fileRef = 8DEB170B2A8E447A00A4DF1C /* PencilKitDemo.swift */; };
		8DEB170E2A8E447C00A4DF1C /* Assets.xcassets in Resources */ = {isa = PBXBuildFile; fileRef = 8DEB170D2A8E447C00A4DF1C /* Assets.xcassets */; };
		8DEB17112A8E447C00A4DF1C /* Preview Assets.xcassets in Resources */ = {isa = PBXBuildFile; fileRef = 8DEB17102A8E447C00A4DF1C /* Preview Assets.xcassets */; };
		8DEB17182A8E44A200A4DF1C /* DrawingBoard.swift in Sources */ = {isa = PBXBuildFile; fileRef = 8DEB17172A8E44A200A4DF1C /* DrawingBoard.swift */; };
		8DF83E7F2A9260180044CE0D /* PathDrawingDemo.swift in Sources */ = {isa = PBXBuildFile; fileRef = 8DF83E7E2A9260180044CE0D /* PathDrawingDemo.swift */; };
/* End PBXBuildFile section */

/* Begin PBXFileReference section */
		8D8349D32A9919E900477D3F /* DrawingLine.swift */ = {isa = PBXFileReference; lastKnownFileType = sourcecode.swift; path = DrawingLine.swift; sourceTree = "<group>"; };
		8DEB17062A8E447A00A4DF1C /* PaintDemo.app */ = {isa = PBXFileReference; explicitFileType = wrapper.application; includeInIndex = 0; path = PaintDemo.app; sourceTree = BUILT_PRODUCTS_DIR; };
		8DEB17092A8E447A00A4DF1C /* PaintDemoApp.swift */ = {isa = PBXFileReference; lastKnownFileType = sourcecode.swift; path = PaintDemoApp.swift; sourceTree = "<group>"; };
		8DEB170B2A8E447A00A4DF1C /* PencilKitDemo.swift */ = {isa = PBXFileReference; lastKnownFileType = sourcecode.swift; path = PencilKitDemo.swift; sourceTree = "<group>"; };
		8DEB170D2A8E447C00A4DF1C /* Assets.xcassets */ = {isa = PBXFileReference; lastKnownFileType = folder.assetcatalog; path = Assets.xcassets; sourceTree = "<group>"; };
		8DEB17102A8E447C00A4DF1C /* Preview Assets.xcassets */ = {isa = PBXFileReference; lastKnownFileType = folder.assetcatalog; path = "Preview Assets.xcassets"; sourceTree = "<group>"; };
		8DEB17172A8E44A200A4DF1C /* DrawingBoard.swift */ = {isa = PBXFileReference; lastKnownFileType = sourcecode.swift; path = DrawingBoard.swift; sourceTree = "<group>"; };
		8DF83E7E2A9260180044CE0D /* PathDrawingDemo.swift */ = {isa = PBXFileReference; lastKnownFileType = sourcecode.swift; path = PathDrawingDemo.swift; sourceTree = "<group>"; };
/* End PBXFileReference section */

/* Begin PBXFrameworksBuildPhase section */
		8DEB17032A8E447A00A4DF1C /* Frameworks */ = {
			isa = PBXFrameworksBuildPhase;
			buildActionMask = 2147483647;
			files = (
			);
			runOnlyForDeploymentPostprocessing = 0;
		};
/* End PBXFrameworksBuildPhase section */

/* Begin PBXGroup section */
		8D8349D12A9919B600477D3F /* PencilKitDemo */ = {
			isa = PBXGroup;
			children = (
				8DEB170B2A8E447A00A4DF1C /* PencilKitDemo.swift */,
				8DEB17172A8E44A200A4DF1C /* DrawingBoard.swift */,
			);
			path = PencilKitDemo;
			sourceTree = "<group>";
		};
		8D8349D22A9919CA00477D3F /* PathDrawingDemo */ = {
			isa = PBXGroup;
			children = (
				8DF83E7E2A9260180044CE0D /* PathDrawingDemo.swift */,
				8D8349D32A9919E900477D3F /* DrawingLine.swift */,
			);
			path = PathDrawingDemo;
			sourceTree = "<group>";
		};
		8DEB16FD2A8E447A00A4DF1C = {
			isa = PBXGroup;
			children = (
				8DEB17082A8E447A00A4DF1C /* PaintDemo */,
				8DEB17072A8E447A00A4DF1C /* Products */,
			);
			sourceTree = "<group>";
		};
		8DEB17072A8E447A00A4DF1C /* Products */ = {
			isa = PBXGroup;
			children = (
				8DEB17062A8E447A00A4DF1C /* PaintDemo.app */,
			);
			name = Products;
			sourceTree = "<group>";
		};
		8DEB17082A8E447A00A4DF1C /* PaintDemo */ = {
			isa = PBXGroup;
			children = (
				8DEB17092A8E447A00A4DF1C /* PaintDemoApp.swift */,
				8D8349D12A9919B600477D3F /* PencilKitDemo */,
				8D8349D22A9919CA00477D3F /* PathDrawingDemo */,
				8DEB170D2A8E447C00A4DF1C /* Assets.xcassets */,
				8DEB170F2A8E447C00A4DF1C /* Preview Content */,
			);
			path = PaintDemo;
			sourceTree = "<group>";
		};
		8DEB170F2A8E447C00A4DF1C /* Preview Content */ = {
			isa = PBXGroup;
			children = (
				8DEB17102A8E447C00A4DF1C /* Preview Assets.xcassets */,
			);
			path = "Preview Content";
			sourceTree = "<group>";
		};
/* End PBXGroup section */

/* Begin PBXNativeTarget section */
		8DEB17052A8E447A00A4DF1C /* PaintDemo */ = {
			isa = PBXNativeTarget;
			buildConfigurationList = 8DEB17142A8E447C00A4DF1C /* Build configuration list for PBXNativeTarget "PaintDemo" */;
			buildPhases = (
				8DEB17022A8E447A00A4DF1C /* Sources */,
				8DEB17032A8E447A00A4DF1C /* Frameworks */,
				8DEB17042A8E447A00A4DF1C /* Resources */,
			);
			buildRules = (
			);
			dependencies = (
			);
			name = PaintDemo;
			productName = PaintDemo;
			productReference = 8DEB17062A8E447A00A4DF1C /* PaintDemo.app */;
			productType = "com.apple.product-type.application";
		};
/* End PBXNativeTarget section */

/* Begin PBXProject section */
		8DEB16FE2A8E447A00A4DF1C /* Project object */ = {
			isa = PBXProject;
			attributes = {
				BuildIndependentTargetsInParallel = 1;
				LastSwiftUpdateCheck = 1430;
				LastUpgradeCheck = 1430;
				TargetAttributes = {
					8DEB17052A8E447A00A4DF1C = {
						CreatedOnToolsVersion = 14.3.1;
					};
				};
			};
			buildConfigurationList = 8DEB17012A8E447A00A4DF1C /* Build configuration list for PBXProject "PaintDemo" */;
			compatibilityVersion = "Xcode 14.0";
			developmentRegion = en;
			hasScannedForEncodings = 0;
			knownRegions = (
				en,
				Base,
			);
			mainGroup = 8DEB16FD2A8E447A00A4DF1C;
			productRefGroup = 8DEB17072A8E447A00A4DF1C /* Products */;
			projectDirPath = "";
			projectRoot = "";
			targets = (
				8DEB17052A8E447A00A4DF1C /* PaintDemo */,
			);
		};
/* End PBXProject section */

/* Begin PBXResourcesBuildPhase section */
		8DEB17042A8E447A00A4DF1C /* Resources */ = {
			isa = PBXResourcesBuildPhase;
			buildActionMask = 2147483647;
			files = (
				8DEB17112A8E447C00A4DF1C /* Preview Assets.xcassets in Resources */,
				8DEB170E2A8E447C00A4DF1C /* Assets.xcassets in Resources */,
			);
			runOnlyForDeploymentPostprocessing = 0;
		};
/* End PBXResourcesBuildPhase section */

/* Begin PBXSourcesBuildPhase section */
		8DEB17022A8E447A00A4DF1C /* Sources */ = {
			isa = PBXSourcesBuildPhase;
			buildActionMask = 2147483647;
			files = (
				8DEB170C2A8E447A00A4DF1C /* PencilKitDemo.swift in Sources */,
				8DEB170A2A8E447A00A4DF1C /* PaintDemoApp.swift in Sources */,
				8DF83E7F2A9260180044CE0D /* PathDrawingDemo.swift in Sources */,
				8DEB17182A8E44A200A4DF1C /* DrawingBoard.swift in Sources */,
				8D8349D42A9919E900477D3F /* DrawingLine.swift in Sources */,
			);
			runOnlyForDeploymentPostprocessing = 0;
		};
/* End PBXSourcesBuildPhase section */

/* Begin XCBuildConfiguration section */
		8DEB17122A8E447C00A4DF1C /* Debug */ = {
			isa = XCBuildConfiguration;
			buildSettings = {
				ALWAYS_SEARCH_USER_PATHS = NO;
				CLANG_ANALYZER_NONNULL = YES;
				CLANG_ANALYZER_NUMBER_OBJECT_CONVERSION = YES_AGGRESSIVE;
				CLANG_CXX_LANGUAGE_STANDARD = "gnu++20";
				CLANG_ENABLE_MODULES = YES;
				CLANG_ENABLE_OBJC_ARC = YES;
				CLANG_ENABLE_OBJC_WEAK = YES;
				CLANG_WARN_BLOCK_CAPTURE_AUTORELEASING = YES;
				CLANG_WARN_BOOL_CONVERSION = YES;
				CLANG_WARN_COMMA = YES;
				CLANG_WARN_CONSTANT_CONVERSION = YES;
				CLANG_WARN_DEPRECATED_OBJC_IMPLEMENTATIONS = YES;
				CLANG_WARN_DIRECT_OBJC_ISA_USAGE = YES_ERROR;
				CLANG_WARN_DOCUMENTATION_COMMENTS = YES;
				CLANG_WARN_EMPTY_BODY = YES;
				CLANG_WARN_ENUM_CONVERSION = YES;
				CLANG_WARN_INFINITE_RECURSION = YES;
				CLANG_WARN_INT_CONVERSION = YES;
				CLANG_WARN_NON_LITERAL_NULL_CONVERSION = YES;
				CLANG_WARN_OBJC_IMPLICIT_RETAIN_SELF = YES;
				CLANG_WARN_OBJC_LITERAL_CONVERSION = YES;
				CLANG_WARN_OBJC_ROOT_CLASS = YES_ERROR;
				CLANG_WARN_QUOTED_INCLUDE_IN_FRAMEWORK_HEADER = YES;
				CLANG_WARN_RANGE_LOOP_ANALYSIS = YES;
				CLANG_WARN_STRICT_PROTOTYPES = YES;
				CLANG_WARN_SUSPICIOUS_MOVE = YES;
				CLANG_WARN_UNGUARDED_AVAILABILITY = YES_AGGRESSIVE;
				CLANG_WARN_UNREACHABLE_CODE = YES;
				CLANG_WARN__DUPLICATE_METHOD_MATCH = YES;
				COPY_PHASE_STRIP = NO;
				DEBUG_INFORMATION_FORMAT = dwarf;
				ENABLE_STRICT_OBJC_MSGSEND = YES;
				ENABLE_TESTABILITY = YES;
				GCC_C_LANGUAGE_STANDARD = gnu11;
				GCC_DYNAMIC_NO_PIC = NO;
				GCC_NO_COMMON_BLOCKS = YES;
				GCC_OPTIMIZATION_LEVEL = 0;
				GCC_PREPROCESSOR_DEFINITIONS = (
					"DEBUG=1",
					"$(inherited)",
				);
				GCC_WARN_64_TO_32_BIT_CONVERSION = YES;
				GCC_WARN_ABOUT_RETURN_TYPE = YES_ERROR;
				GCC_WARN_UNDECLARED_SELECTOR = YES;
				GCC_WARN_UNINITIALIZED_AUTOS = YES_AGGRESSIVE;
				GCC_WARN_UNUSED_FUNCTION = YES;
				GCC_WARN_UNUSED_VARIABLE = YES;
				IPHONEOS_DEPLOYMENT_TARGET = 16.4;
				MTL_ENABLE_DEBUG_INFO = INCLUDE_SOURCE;
				MTL_FAST_MATH = YES;
				ONLY_ACTIVE_ARCH = YES;
				SDKROOT = iphoneos;
				SWIFT_ACTIVE_COMPILATION_CONDITIONS = DEBUG;
				SWIFT_OPTIMIZATION_LEVEL = "-Onone";
			};
			name = Debug;
		};
		8DEB17132A8E447C00A4DF1C /* Release */ = {
			isa = XCBuildConfiguration;
			buildSettings = {
				ALWAYS_SEARCH_USER_PATHS = NO;
				CLANG_ANALYZER_NONNULL = YES;
				CLANG_ANALYZER_NUMBER_OBJECT_CONVERSION = YES_AGGRESSIVE;
				CLANG_CXX_LANGUAGE_STANDARD = "gnu++20";
				CLANG_ENABLE_MODULES = YES;
				CLANG_ENABLE_OBJC_ARC = YES;
				CLANG_ENABLE_OBJC_WEAK = YES;
				CLANG_WARN_BLOCK_CAPTURE_AUTORELEASING = YES;
				CLANG_WARN_BOOL_CONVERSION = YES;
				CLANG_WARN_COMMA = YES;
				CLANG_WARN_CONSTANT_CONVERSION = YES;
				CLANG_WARN_DEPRECATED_OBJC_IMPLEMENTATIONS = YES;
				CLANG_WARN_DIRECT_OBJC_ISA_USAGE = YES_ERROR;
				CLANG_WARN_DOCUMENTATION_COMMENTS = YES;
				CLANG_WARN_EMPTY_BODY = YES;
				CLANG_WARN_ENUM_CONVERSION = YES;
				CLANG_WARN_INFINITE_RECURSION = YES;
				CLANG_WARN_INT_CONVERSION = YES;
				CLANG_WARN_NON_LITERAL_NULL_CONVERSION = YES;
				CLANG_WARN_OBJC_IMPLICIT_RETAIN_SELF = YES;
				CLANG_WARN_OBJC_LITERAL_CONVERSION = YES;
				CLANG_WARN_OBJC_ROOT_CLASS = YES_ERROR;
				CLANG_WARN_QUOTED_INCLUDE_IN_FRAMEWORK_HEADER = YES;
				CLANG_WARN_RANGE_LOOP_ANALYSIS = YES;
				CLANG_WARN_STRICT_PROTOTYPES = YES;
				CLANG_WARN_SUSPICIOUS_MOVE = YES;
				CLANG_WARN_UNGUARDED_AVAILABILITY = YES_AGGRESSIVE;
				CLANG_WARN_UNREACHABLE_CODE = YES;
				CLANG_WARN__DUPLICATE_METHOD_MATCH = YES;
				COPY_PHASE_STRIP = NO;
				DEBUG_INFORMATION_FORMAT = "dwarf-with-dsym";
				ENABLE_NS_ASSERTIONS = NO;
				ENABLE_STRICT_OBJC_MSGSEND = YES;
				GCC_C_LANGUAGE_STANDARD = gnu11;
				GCC_NO_COMMON_BLOCKS = YES;
				GCC_WARN_64_TO_32_BIT_CONVERSION = YES;
				GCC_WARN_ABOUT_RETURN_TYPE = YES_ERROR;
				GCC_WARN_UNDECLARED_SELECTOR = YES;
				GCC_WARN_UNINITIALIZED_AUTOS = YES_AGGRESSIVE;
				GCC_WARN_UNUSED_FUNCTION = YES;
				GCC_WARN_UNUSED_VARIABLE = YES;
				IPHONEOS_DEPLOYMENT_TARGET = 16.4;
				MTL_ENABLE_DEBUG_INFO = NO;
				MTL_FAST_MATH = YES;
				SDKROOT = iphoneos;
				SWIFT_COMPILATION_MODE = wholemodule;
				SWIFT_OPTIMIZATION_LEVEL = "-O";
				VALIDATE_PRODUCT = YES;
			};
			name = Release;
		};
		8DEB17152A8E447C00A4DF1C /* Debug */ = {
			isa = XCBuildConfiguration;
			buildSettings = {
				ASSETCATALOG_COMPILER_APPICON_NAME = AppIcon;
				ASSETCATALOG_COMPILER_GLOBAL_ACCENT_COLOR_NAME = AccentColor;
				CODE_SIGN_STYLE = Automatic;
				CURRENT_PROJECT_VERSION = 1;
				DEVELOPMENT_ASSET_PATHS = "\"PaintDemo/Preview Content\"";
				DEVELOPMENT_TEAM = DADW9Q983Q;
				ENABLE_PREVIEWS = YES;
				GENERATE_INFOPLIST_FILE = YES;
				INFOPLIST_KEY_NSPhotoLibraryAddUsageDescription = "该App需要存储图片到手机相册";
				INFOPLIST_KEY_UIApplicationSceneManifest_Generation = YES;
				INFOPLIST_KEY_UIApplicationSupportsIndirectInputEvents = YES;
				INFOPLIST_KEY_UILaunchScreen_Generation = YES;
				INFOPLIST_KEY_UISupportedInterfaceOrientations_iPad = "UIInterfaceOrientationPortrait UIInterfaceOrientationPortraitUpsideDown UIInterfaceOrientationLandscapeLeft UIInterfaceOrientationLandscapeRight";
				INFOPLIST_KEY_UISupportedInterfaceOrientations_iPhone = "UIInterfaceOrientationPortrait UIInterfaceOrientationLandscapeLeft UIInterfaceOrientationLandscapeRight";
				LD_RUNPATH_SEARCH_PATHS = (
					"$(inherited)",
					"@executable_path/Frameworks",
				);
				MARKETING_VERSION = 1.0;
				PRODUCT_BUNDLE_IDENTIFIER = com.elee.PaintDemo;
				PRODUCT_NAME = "$(TARGET_NAME)";
				SUPPORTED_PLATFORMS = "iphoneos iphonesimulator";
				SUPPORTS_MACCATALYST = NO;
				SUPPORTS_MAC_DESIGNED_FOR_IPHONE_IPAD = NO;
				SWIFT_EMIT_LOC_STRINGS = YES;
				SWIFT_VERSION = 5.0;
				TARGETED_DEVICE_FAMILY = "1,2";
			};
			name = Debug;
		};
		8DEB17162A8E447C00A4DF1C /* Release */ = {
			isa = XCBuildConfiguration;
			buildSettings = {
				ASSETCATALOG_COMPILER_APPICON_NAME = AppIcon;
				ASSETCATALOG_COMPILER_GLOBAL_ACCENT_COLOR_NAME = AccentColor;
				CODE_SIGN_STYLE = Automatic;
				CURRENT_PROJECT_VERSION = 1;
				DEVELOPMENT_ASSET_PATHS = "\"PaintDemo/Preview Content\"";
				DEVELOPMENT_TEAM = DADW9Q983Q;
				ENABLE_PREVIEWS = YES;
				GENERATE_INFOPLIST_FILE = YES;
				INFOPLIST_KEY_NSPhotoLibraryAddUsageDescription = "该App需要存储图片到手机相册";
				INFOPLIST_KEY_UIApplicationSceneManifest_Generation = YES;
				INFOPLIST_KEY_UIApplicationSupportsIndirectInputEvents = YES;
				INFOPLIST_KEY_UILaunchScreen_Generation = YES;
				INFOPLIST_KEY_UISupportedInterfaceOrientations_iPad = "UIInterfaceOrientationPortrait UIInterfaceOrientationPortraitUpsideDown UIInterfaceOrientationLandscapeLeft UIInterfaceOrientationLandscapeRight";
				INFOPLIST_KEY_UISupportedInterfaceOrientations_iPhone = "UIInterfaceOrientationPortrait UIInterfaceOrientationLandscapeLeft UIInterfaceOrientationLandscapeRight";
				LD_RUNPATH_SEARCH_PATHS = (
					"$(inherited)",
					"@executable_path/Frameworks",
				);
				MARKETING_VERSION = 1.0;
				PRODUCT_BUNDLE_IDENTIFIER = com.elee.PaintDemo;
				PRODUCT_NAME = "$(TARGET_NAME)";
				SUPPORTED_PLATFORMS = "iphoneos iphonesimulator";
				SUPPORTS_MACCATALYST = NO;
				SUPPORTS_MAC_DESIGNED_FOR_IPHONE_IPAD = NO;
				SWIFT_EMIT_LOC_STRINGS = YES;
				SWIFT_VERSION = 5.0;
				TARGETED_DEVICE_FAMILY = "1,2";
			};
			name = Release;
		};
/* End XCBuildConfiguration section */

/* Begin XCConfigurationList section */
		8DEB17012A8E447A00A4DF1C /* Build configuration list for PBXProject "PaintDemo" */ = {
			isa = XCConfigurationList;
			buildConfigurations = (
				8DEB17122A8E447C00A4DF1C /* Debug */,
				8DEB17132A8E447C00A4DF1C /* Release */,
			);
			defaultConfigurationIsVisible = 0;
			defaultConfigurationName = Release;
		};
		8DEB17142A8E447C00A4DF1C /* Build configuration list for PBXNativeTarget "PaintDemo" */ = {
			isa = XCConfigurationList;
			buildConfigurations = (
				8DEB17152A8E447C00A4DF1C /* Debug */,
				8DEB17162A8E447C00A4DF1C /* Release */,
			);
			defaultConfigurationIsVisible = 0;
			defaultConfigurationName = Release;
		};
/* End XCConfigurationList section */
	};
	rootObject = 8DEB16FE2A8E447A00A4DF1C /* Project object */;
}
